
Microsoft Visual Studio Solution File, Format Version 12.00
Project("{FAE04EC0-301F-11D3-BF4B-00C04F79EFBC}") = "Lab01", "Lab01\Lab01.csproj", "{1AFAC40C-8729-4DDB-A6DD-1BB8D1EA7ABA}"
EndProject
Project("{FAE04EC0-301F-11D3-BF4B-00C04F79EFBC}") = "Lab01-client", "Lab01-client\Lab01-client.csproj", "{43A97036-D88E-4474-9B3A-C1B070419EC0}"
EndProject
Project("{FAE04EC0-301F-11D3-BF4B-00C04F79EFBC}") = "Lab02", "Lab02\Lab02.csproj", "{433BBB7B-8212-4975-83DD-E54431E5A659}"
EndProject
Project("{FAE04EC0-301F-11D3-BF4B-00C04F79EFBC}") = "Lab02.Domain", "Lab02.Domain\Lab02.Domain.csproj", "{13B802ED-22E2-4485-898D-3D815DA7B06B}"
EndProject
Project("{FAE04EC0-301F-11D3-BF4B-00C04F79EFBC}") = "Lab02.Infrastructure.JSON", "Lab02.Infrastructure.JSON\Lab02.Infrastructure.JSON.csproj", "{76616BA8-69A6-451A-AD99-13F7E729C7D8}"
EndProject
Project("{FAE04EC0-301F-11D3-BF4B-00C04F79EFBC}") = "Lab02.Infrastructure.EF", "Lab02.Infrastructure.EF\Lab02.Infrastructure.EF.csproj", "{49DE7F21-CD50-4DCB-985F-5D2B0AD47CE0}"
EndProject
Project("{FAE04EC0-301F-11D3-BF4B-00C04F79EFBC}") = "Lab05.A", "Lab05.A\Lab05.A.csproj", "{80C68B45-3DD5-4ADE-A27D-4428F36BE94B}"
EndProject
Project("{FAE04EC0-301F-11D3-BF4B-00C04F79EFBC}") = "Lab05.B", "Lab05.B\Lab05.B.csproj", "{F64CC8CE-B8EF-4872-A4DE-468009687953}"
EndProject
Project("{FAE04EC0-301F-11D3-BF4B-00C04F79EFBC}") = "Lab06", "Lab06\Lab06.csproj", "{AF39E9C2-5BBD-4ED1-91E3-9319B99D9752}"
EndProject
Global
	GlobalSection(SolutionConfigurationPlatforms) = preSolution
		Debug|Any CPU = Debug|Any CPU
		Release|Any CPU = Release|Any CPU
	EndGlobalSection
	GlobalSection(ProjectConfigurationPlatforms) = postSolution
		{1AFAC40C-8729-4DDB-A6DD-1BB8D1EA7ABA}.Debug|Any CPU.ActiveCfg = Debug|Any CPU
		{1AFAC40C-8729-4DDB-A6DD-1BB8D1EA7ABA}.Debug|Any CPU.Build.0 = Debug|Any CPU
		{1AFAC40C-8729-4DDB-A6DD-1BB8D1EA7ABA}.Release|Any CPU.ActiveCfg = Release|Any CPU
		{1AFAC40C-8729-4DDB-A6DD-1BB8D1EA7ABA}.Release|Any CPU.Build.0 = Release|Any CPU
		{43A97036-D88E-4474-9B3A-C1B070419EC0}.Debug|Any CPU.ActiveCfg = Debug|Any CPU
		{43A97036-D88E-4474-9B3A-C1B070419EC0}.Debug|Any CPU.Build.0 = Debug|Any CPU
		{43A97036-D88E-4474-9B3A-C1B070419EC0}.Release|Any CPU.ActiveCfg = Release|Any CPU
		{43A97036-D88E-4474-9B3A-C1B070419EC0}.Release|Any CPU.Build.0 = Release|Any CPU
		{433BBB7B-8212-4975-83DD-E54431E5A659}.Debug|Any CPU.ActiveCfg = Debug|Any CPU
		{433BBB7B-8212-4975-83DD-E54431E5A659}.Debug|Any CPU.Build.0 = Debug|Any CPU
		{433BBB7B-8212-4975-83DD-E54431E5A659}.Release|Any CPU.ActiveCfg = Release|Any CPU
		{433BBB7B-8212-4975-83DD-E54431E5A659}.Release|Any CPU.Build.0 = Release|Any CPU
		{13B802ED-22E2-4485-898D-3D815DA7B06B}.Debug|Any CPU.ActiveCfg = Debug|Any CPU
		{13B802ED-22E2-4485-898D-3D815DA7B06B}.Debug|Any CPU.Build.0 = Debug|Any CPU
		{13B802ED-22E2-4485-898D-3D815DA7B06B}.Release|Any CPU.ActiveCfg = Release|Any CPU
		{13B802ED-22E2-4485-898D-3D815DA7B06B}.Release|Any CPU.Build.0 = Release|Any CPU
		{76616BA8-69A6-451A-AD99-13F7E729C7D8}.Debug|Any CPU.ActiveCfg = Debug|Any CPU
		{76616BA8-69A6-451A-AD99-13F7E729C7D8}.Debug|Any CPU.Build.0 = Debug|Any CPU
		{76616BA8-69A6-451A-AD99-13F7E729C7D8}.Release|Any CPU.ActiveCfg = Release|Any CPU
		{76616BA8-69A6-451A-AD99-13F7E729C7D8}.Release|Any CPU.Build.0 = Release|Any CPU
		{49DE7F21-CD50-4DCB-985F-5D2B0AD47CE0}.Debug|Any CPU.ActiveCfg = Debug|Any CPU
		{49DE7F21-CD50-4DCB-985F-5D2B0AD47CE0}.Debug|Any CPU.Build.0 = Debug|Any CPU
		{49DE7F21-CD50-4DCB-985F-5D2B0AD47CE0}.Release|Any CPU.ActiveCfg = Release|Any CPU
		{49DE7F21-CD50-4DCB-985F-5D2B0AD47CE0}.Release|Any CPU.Build.0 = Release|Any CPU
		{80C68B45-3DD5-4ADE-A27D-4428F36BE94B}.Debug|Any CPU.ActiveCfg = Debug|Any CPU
		{80C68B45-3DD5-4ADE-A27D-4428F36BE94B}.Debug|Any CPU.Build.0 = Debug|Any CPU
		{80C68B45-3DD5-4ADE-A27D-4428F36BE94B}.Release|Any CPU.ActiveCfg = Release|Any CPU
		{80C68B45-3DD5-4ADE-A27D-4428F36BE94B}.Release|Any CPU.Build.0 = Release|Any CPU
		{F64CC8CE-B8EF-4872-A4DE-468009687953}.Debug|Any CPU.ActiveCfg = Debug|Any CPU
		{F64CC8CE-B8EF-4872-A4DE-468009687953}.Debug|Any CPU.Build.0 = Debug|Any CPU
		{F64CC8CE-B8EF-4872-A4DE-468009687953}.Release|Any CPU.ActiveCfg = Release|Any CPU
		{F64CC8CE-B8EF-4872-A4DE-468009687953}.Release|Any CPU.Build.0 = Release|Any CPU
		{AF39E9C2-5BBD-4ED1-91E3-9319B99D9752}.Debug|Any CPU.ActiveCfg = Debug|Any CPU
		{AF39E9C2-5BBD-4ED1-91E3-9319B99D9752}.Debug|Any CPU.Build.0 = Debug|Any CPU
		{AF39E9C2-5BBD-4ED1-91E3-9319B99D9752}.Release|Any CPU.ActiveCfg = Release|Any CPU
		{AF39E9C2-5BBD-4ED1-91E3-9319B99D9752}.Release|Any CPU.Build.0 = Release|Any CPU
	EndGlobalSection
EndGlobal
