
Microsoft Visual Studio Solution File, Format Version 12.00
# Visual Studio Version 17
VisualStudioVersion = 17.0.31903.59
MinimumVisualStudioVersion = 10.0.40219.1
Project("{8BC9CEB8-8B4A-11D0-8D11-00A0C91BC942}") = "OS11_HTAPI", "OS11_HTAPI\OS11_HTAPI.vcxproj", "{3EB476FA-B457-46D9-B1D0-28FDC121C66D}"
EndProject
Project("{8BC9CEB8-8B4A-11D0-8D11-00A0C91BC942}") = "Test", "Test\Test.vcxproj", "{CB64991F-1A6A-420D-8EAD-982253B60CFA}"
EndProject
Project("{8BC9CEB8-8B4A-11D0-8D11-00A0C91BC942}") = "OS11_CREATE", "OS11_CREATE\OS11_CREATE.vcxproj", "{9CCB1F79-0F68-4CAC-B0BA-0C3DE647EA04}"
EndProject
Project("{8BC9CEB8-8B4A-11D0-8D11-00A0C91BC942}") = "OS11_START", "OS11_START\OS11_START.vcxproj", "{3DDA2322-5ADC-4467-8064-FF649E72FE1E}"
EndProject
Project("{8BC9CEB8-8B4A-11D0-8D11-00A0C91BC942}") = "OS11_02", "OS11_02\OS11_02.vcxproj", "{FC9E12A5-1CFE-4D89-9DD5-B9BAC63294BB}"
EndProject
Project("{8BC9CEB8-8B4A-11D0-8D11-00A0C91BC942}") = "OS11_03", "OS11_03\OS11_03.vcxproj", "{361F0D4E-3623-4AF3-A136-25EBDDB880A3}"
EndProject
Project("{8BC9CEB8-8B4A-11D0-8D11-00A0C91BC942}") = "OS11_04", "OS11_04\OS11_04.vcxproj", "{57CD7979-ED14-4CDF-A5DE-1470824F45B7}"
EndProject
Global
	GlobalSection(SolutionConfigurationPlatforms) = preSolution
		Debug|x64 = Debug|x64
		Debug|x86 = Debug|x86
		Release|x64 = Release|x64
		Release|x86 = Release|x86
	EndGlobalSection
	GlobalSection(ProjectConfigurationPlatforms) = postSolution
		{3EB476FA-B457-46D9-B1D0-28FDC121C66D}.Debug|x64.ActiveCfg = Debug|x64
		{3EB476FA-B457-46D9-B1D0-28FDC121C66D}.Debug|x64.Build.0 = Debug|x64
		{3EB476FA-B457-46D9-B1D0-28FDC121C66D}.Debug|x86.ActiveCfg = Debug|Win32
		{3EB476FA-B457-46D9-B1D0-28FDC121C66D}.Debug|x86.Build.0 = Debug|Win32
		{3EB476FA-B457-46D9-B1D0-28FDC121C66D}.Release|x64.ActiveCfg = Release|x64
		{3EB476FA-B457-46D9-B1D0-28FDC121C66D}.Release|x64.Build.0 = Release|x64
		{3EB476FA-B457-46D9-B1D0-28FDC121C66D}.Release|x86.ActiveCfg = Release|Win32
		{3EB476FA-B457-46D9-B1D0-28FDC121C66D}.Release|x86.Build.0 = Release|Win32
		{CB64991F-1A6A-420D-8EAD-982253B60CFA}.Debug|x64.ActiveCfg = Debug|x64
		{CB64991F-1A6A-420D-8EAD-982253B60CFA}.Debug|x64.Build.0 = Debug|x64
		{CB64991F-1A6A-420D-8EAD-982253B60CFA}.Debug|x86.ActiveCfg = Debug|Win32
		{CB64991F-1A6A-420D-8EAD-982253B60CFA}.Debug|x86.Build.0 = Debug|Win32
		{CB64991F-1A6A-420D-8EAD-982253B60CFA}.Release|x64.ActiveCfg = Release|x64
		{CB64991F-1A6A-420D-8EAD-982253B60CFA}.Release|x64.Build.0 = Release|x64
		{CB64991F-1A6A-420D-8EAD-982253B60CFA}.Release|x86.ActiveCfg = Release|Win32
		{CB64991F-1A6A-420D-8EAD-982253B60CFA}.Release|x86.Build.0 = Release|Win32
		{9CCB1F79-0F68-4CAC-B0BA-0C3DE647EA04}.Debug|x64.ActiveCfg = Debug|x64
		{9CCB1F79-0F68-4CAC-B0BA-0C3DE647EA04}.Debug|x64.Build.0 = Debug|x64
		{9CCB1F79-0F68-4CAC-B0BA-0C3DE647EA04}.Debug|x86.ActiveCfg = Debug|Win32
		{9CCB1F79-0F68-4CAC-B0BA-0C3DE647EA04}.Debug|x86.Build.0 = Debug|Win32
		{9CCB1F79-0F68-4CAC-B0BA-0C3DE647EA04}.Release|x64.ActiveCfg = Release|x64
		{9CCB1F79-0F68-4CAC-B0BA-0C3DE647EA04}.Release|x64.Build.0 = Release|x64
		{9CCB1F79-0F68-4CAC-B0BA-0C3DE647EA04}.Release|x86.ActiveCfg = Release|Win32
		{9CCB1F79-0F68-4CAC-B0BA-0C3DE647EA04}.Release|x86.Build.0 = Release|Win32
		{3DDA2322-5ADC-4467-8064-FF649E72FE1E}.Debug|x64.ActiveCfg = Debug|x64
		{3DDA2322-5ADC-4467-8064-FF649E72FE1E}.Debug|x64.Build.0 = Debug|x64
		{3DDA2322-5ADC-4467-8064-FF649E72FE1E}.Debug|x86.ActiveCfg = Debug|Win32
		{3DDA2322-5ADC-4467-8064-FF649E72FE1E}.Debug|x86.Build.0 = Debug|Win32
		{3DDA2322-5ADC-4467-8064-FF649E72FE1E}.Release|x64.ActiveCfg = Release|x64
		{3DDA2322-5ADC-4467-8064-FF649E72FE1E}.Release|x64.Build.0 = Release|x64
		{3DDA2322-5ADC-4467-8064-FF649E72FE1E}.Release|x86.ActiveCfg = Release|Win32
		{3DDA2322-5ADC-4467-8064-FF649E72FE1E}.Release|x86.Build.0 = Release|Win32
		{FC9E12A5-1CFE-4D89-9DD5-B9BAC63294BB}.Debug|x64.ActiveCfg = Debug|x64
		{FC9E12A5-1CFE-4D89-9DD5-B9BAC63294BB}.Debug|x64.Build.0 = Debug|x64
		{FC9E12A5-1CFE-4D89-9DD5-B9BAC63294BB}.Debug|x86.ActiveCfg = Debug|Win32
		{FC9E12A5-1CFE-4D89-9DD5-B9BAC63294BB}.Debug|x86.Build.0 = Debug|Win32
		{FC9E12A5-1CFE-4D89-9DD5-B9BAC63294BB}.Release|x64.ActiveCfg = Release|x64
		{FC9E12A5-1CFE-4D89-9DD5-B9BAC63294BB}.Release|x64.Build.0 = Release|x64
		{FC9E12A5-1CFE-4D89-9DD5-B9BAC63294BB}.Release|x86.ActiveCfg = Release|Win32
		{FC9E12A5-1CFE-4D89-9DD5-B9BAC63294BB}.Release|x86.Build.0 = Release|Win32
		{361F0D4E-3623-4AF3-A136-25EBDDB880A3}.Debug|x64.ActiveCfg = Debug|x64
		{361F0D4E-3623-4AF3-A136-25EBDDB880A3}.Debug|x64.Build.0 = Debug|x64
		{361F0D4E-3623-4AF3-A136-25EBDDB880A3}.Debug|x86.ActiveCfg = Debug|Win32
		{361F0D4E-3623-4AF3-A136-25EBDDB880A3}.Debug|x86.Build.0 = Debug|Win32
		{361F0D4E-3623-4AF3-A136-25EBDDB880A3}.Release|x64.ActiveCfg = Release|x64
		{361F0D4E-3623-4AF3-A136-25EBDDB880A3}.Release|x64.Build.0 = Release|x64
		{361F0D4E-3623-4AF3-A136-25EBDDB880A3}.Release|x86.ActiveCfg = Release|Win32
		{361F0D4E-3623-4AF3-A136-25EBDDB880A3}.Release|x86.Build.0 = Release|Win32
		{57CD7979-ED14-4CDF-A5DE-1470824F45B7}.Debug|x64.ActiveCfg = Debug|x64
		{57CD7979-ED14-4CDF-A5DE-1470824F45B7}.Debug|x64.Build.0 = Debug|x64
		{57CD7979-ED14-4CDF-A5DE-1470824F45B7}.Debug|x86.ActiveCfg = Debug|Win32
		{57CD7979-ED14-4CDF-A5DE-1470824F45B7}.Debug|x86.Build.0 = Debug|Win32
		{57CD7979-ED14-4CDF-A5DE-1470824F45B7}.Release|x64.ActiveCfg = Release|x64
		{57CD7979-ED14-4CDF-A5DE-1470824F45B7}.Release|x64.Build.0 = Release|x64
		{57CD7979-ED14-4CDF-A5DE-1470824F45B7}.Release|x86.ActiveCfg = Release|Win32
		{57CD7979-ED14-4CDF-A5DE-1470824F45B7}.Release|x86.Build.0 = Release|Win32
	EndGlobalSection
	GlobalSection(SolutionProperties) = preSolution
		HideSolutionNode = FALSE
	EndGlobalSection
	GlobalSection(ExtensibilityGlobals) = postSolution
		SolutionGuid = {94C3B069-97D2-4B2F-B647-9206F533C5A8}
	EndGlobalSection
EndGlobal
