
Microsoft Visual Studio Solution File, Format Version 12.00
# Visual Studio Version 17
VisualStudioVersion = 17.0.31903.59
MinimumVisualStudioVersion = 10.0.40219.1
Project("{8BC9CEB8-8B4A-11D0-8D11-00A0C91BC942}") = "OS07_02", "OS07_02\OS07_02.vcxproj", "{B94D0F64-2DF2-44B7-9861-8A463DA2F968}"
EndProject
Project("{8BC9CEB8-8B4A-11D0-8D11-00A0C91BC942}") = "OS07_03", "OS07_03\OS07_03.vcxproj", "{62D9AE8E-1C9B-47E1-BD59-B7AA628A8A85}"
EndProject
Project("{8BC9CEB8-8B4A-11D0-8D11-00A0C91BC942}") = "OS07_03x", "OS07_03x\OS07_03x.vcxproj", "{5FFC9E45-0733-4070-91CE-05C2DB8A23E0}"
EndProject
Project("{8BC9CEB8-8B4A-11D0-8D11-00A0C91BC942}") = "OS07_04", "OS07_04\OS07_04.vcxproj", "{AA8A95BC-4718-4BD6-BFDD-2725090795E3}"
EndProject
Project("{8BC9CEB8-8B4A-11D0-8D11-00A0C91BC942}") = "OS07_04x", "OS07_04x\OS07_04x.vcxproj", "{DD64A071-35F7-4705-B369-D330FB683804}"
EndProject
Project("{8BC9CEB8-8B4A-11D0-8D11-00A0C91BC942}") = "OS07_05", "OS07_05\OS07_05.vcxproj", "{4CD3684E-DE5F-4145-916A-E97F931B7D21}"
EndProject
Project("{8BC9CEB8-8B4A-11D0-8D11-00A0C91BC942}") = "OS07_05A", "OS07_05A\OS07_05A.vcxproj", "{F30DC5CC-F592-4D7E-9021-38F47EAC2F8F}"
EndProject
Project("{8BC9CEB8-8B4A-11D0-8D11-00A0C91BC942}") = "OS07_05B", "OS07_05B\OS07_05B.vcxproj", "{EAC2ED4B-9D9D-4D64-88DC-8CA449C1E308}"
EndProject
Project("{8BC9CEB8-8B4A-11D0-8D11-00A0C91BC942}") = "OS07_01", "OS07_01\OS07_01.vcxproj", "{B4073B77-75D7-4445-8DFF-7754C6F4F380}"
EndProject
Global
	GlobalSection(SolutionConfigurationPlatforms) = preSolution
		Debug|x64 = Debug|x64
		Debug|x86 = Debug|x86
		Release|x64 = Release|x64
		Release|x86 = Release|x86
	EndGlobalSection
	GlobalSection(ProjectConfigurationPlatforms) = postSolution
		{B94D0F64-2DF2-44B7-9861-8A463DA2F968}.Debug|x64.ActiveCfg = Debug|x64
		{B94D0F64-2DF2-44B7-9861-8A463DA2F968}.Debug|x64.Build.0 = Debug|x64
		{B94D0F64-2DF2-44B7-9861-8A463DA2F968}.Debug|x86.ActiveCfg = Debug|Win32
		{B94D0F64-2DF2-44B7-9861-8A463DA2F968}.Debug|x86.Build.0 = Debug|Win32
		{B94D0F64-2DF2-44B7-9861-8A463DA2F968}.Release|x64.ActiveCfg = Release|x64
		{B94D0F64-2DF2-44B7-9861-8A463DA2F968}.Release|x64.Build.0 = Release|x64
		{B94D0F64-2DF2-44B7-9861-8A463DA2F968}.Release|x86.ActiveCfg = Release|Win32
		{B94D0F64-2DF2-44B7-9861-8A463DA2F968}.Release|x86.Build.0 = Release|Win32
		{62D9AE8E-1C9B-47E1-BD59-B7AA628A8A85}.Debug|x64.ActiveCfg = Debug|x64
		{62D9AE8E-1C9B-47E1-BD59-B7AA628A8A85}.Debug|x64.Build.0 = Debug|x64
		{62D9AE8E-1C9B-47E1-BD59-B7AA628A8A85}.Debug|x86.ActiveCfg = Debug|Win32
		{62D9AE8E-1C9B-47E1-BD59-B7AA628A8A85}.Debug|x86.Build.0 = Debug|Win32
		{62D9AE8E-1C9B-47E1-BD59-B7AA628A8A85}.Release|x64.ActiveCfg = Release|x64
		{62D9AE8E-1C9B-47E1-BD59-B7AA628A8A85}.Release|x64.Build.0 = Release|x64
		{62D9AE8E-1C9B-47E1-BD59-B7AA628A8A85}.Release|x86.ActiveCfg = Release|Win32
		{62D9AE8E-1C9B-47E1-BD59-B7AA628A8A85}.Release|x86.Build.0 = Release|Win32
		{5FFC9E45-0733-4070-91CE-05C2DB8A23E0}.Debug|x64.ActiveCfg = Debug|x64
		{5FFC9E45-0733-4070-91CE-05C2DB8A23E0}.Debug|x64.Build.0 = Debug|x64
		{5FFC9E45-0733-4070-91CE-05C2DB8A23E0}.Debug|x86.ActiveCfg = Debug|Win32
		{5FFC9E45-0733-4070-91CE-05C2DB8A23E0}.Debug|x86.Build.0 = Debug|Win32
		{5FFC9E45-0733-4070-91CE-05C2DB8A23E0}.Release|x64.ActiveCfg = Release|x64
		{5FFC9E45-0733-4070-91CE-05C2DB8A23E0}.Release|x64.Build.0 = Release|x64
		{5FFC9E45-0733-4070-91CE-05C2DB8A23E0}.Release|x86.ActiveCfg = Release|Win32
		{5FFC9E45-0733-4070-91CE-05C2DB8A23E0}.Release|x86.Build.0 = Release|Win32
		{AA8A95BC-4718-4BD6-BFDD-2725090795E3}.Debug|x64.ActiveCfg = Debug|x64
		{AA8A95BC-4718-4BD6-BFDD-2725090795E3}.Debug|x64.Build.0 = Debug|x64
		{AA8A95BC-4718-4BD6-BFDD-2725090795E3}.Debug|x86.ActiveCfg = Debug|Win32
		{AA8A95BC-4718-4BD6-BFDD-2725090795E3}.Debug|x86.Build.0 = Debug|Win32
		{AA8A95BC-4718-4BD6-BFDD-2725090795E3}.Release|x64.ActiveCfg = Release|x64
		{AA8A95BC-4718-4BD6-BFDD-2725090795E3}.Release|x64.Build.0 = Release|x64
		{AA8A95BC-4718-4BD6-BFDD-2725090795E3}.Release|x86.ActiveCfg = Release|Win32
		{AA8A95BC-4718-4BD6-BFDD-2725090795E3}.Release|x86.Build.0 = Release|Win32
		{DD64A071-35F7-4705-B369-D330FB683804}.Debug|x64.ActiveCfg = Debug|x64
		{DD64A071-35F7-4705-B369-D330FB683804}.Debug|x64.Build.0 = Debug|x64
		{DD64A071-35F7-4705-B369-D330FB683804}.Debug|x86.ActiveCfg = Debug|Win32
		{DD64A071-35F7-4705-B369-D330FB683804}.Debug|x86.Build.0 = Debug|Win32
		{DD64A071-35F7-4705-B369-D330FB683804}.Release|x64.ActiveCfg = Release|x64
		{DD64A071-35F7-4705-B369-D330FB683804}.Release|x64.Build.0 = Release|x64
		{DD64A071-35F7-4705-B369-D330FB683804}.Release|x86.ActiveCfg = Release|Win32
		{DD64A071-35F7-4705-B369-D330FB683804}.Release|x86.Build.0 = Release|Win32
		{4CD3684E-DE5F-4145-916A-E97F931B7D21}.Debug|x64.ActiveCfg = Debug|x64
		{4CD3684E-DE5F-4145-916A-E97F931B7D21}.Debug|x64.Build.0 = Debug|x64
		{4CD3684E-DE5F-4145-916A-E97F931B7D21}.Debug|x86.ActiveCfg = Debug|Win32
		{4CD3684E-DE5F-4145-916A-E97F931B7D21}.Debug|x86.Build.0 = Debug|Win32
		{4CD3684E-DE5F-4145-916A-E97F931B7D21}.Release|x64.ActiveCfg = Release|x64
		{4CD3684E-DE5F-4145-916A-E97F931B7D21}.Release|x64.Build.0 = Release|x64
		{4CD3684E-DE5F-4145-916A-E97F931B7D21}.Release|x86.ActiveCfg = Release|Win32
		{4CD3684E-DE5F-4145-916A-E97F931B7D21}.Release|x86.Build.0 = Release|Win32
		{F30DC5CC-F592-4D7E-9021-38F47EAC2F8F}.Debug|x64.ActiveCfg = Debug|x64
		{F30DC5CC-F592-4D7E-9021-38F47EAC2F8F}.Debug|x64.Build.0 = Debug|x64
		{F30DC5CC-F592-4D7E-9021-38F47EAC2F8F}.Debug|x86.ActiveCfg = Debug|Win32
		{F30DC5CC-F592-4D7E-9021-38F47EAC2F8F}.Debug|x86.Build.0 = Debug|Win32
		{F30DC5CC-F592-4D7E-9021-38F47EAC2F8F}.Release|x64.ActiveCfg = Release|x64
		{F30DC5CC-F592-4D7E-9021-38F47EAC2F8F}.Release|x64.Build.0 = Release|x64
		{F30DC5CC-F592-4D7E-9021-38F47EAC2F8F}.Release|x86.ActiveCfg = Release|Win32
		{F30DC5CC-F592-4D7E-9021-38F47EAC2F8F}.Release|x86.Build.0 = Release|Win32
		{EAC2ED4B-9D9D-4D64-88DC-8CA449C1E308}.Debug|x64.ActiveCfg = Debug|x64
		{EAC2ED4B-9D9D-4D64-88DC-8CA449C1E308}.Debug|x64.Build.0 = Debug|x64
		{EAC2ED4B-9D9D-4D64-88DC-8CA449C1E308}.Debug|x86.ActiveCfg = Debug|Win32
		{EAC2ED4B-9D9D-4D64-88DC-8CA449C1E308}.Debug|x86.Build.0 = Debug|Win32
		{EAC2ED4B-9D9D-4D64-88DC-8CA449C1E308}.Release|x64.ActiveCfg = Release|x64
		{EAC2ED4B-9D9D-4D64-88DC-8CA449C1E308}.Release|x64.Build.0 = Release|x64
		{EAC2ED4B-9D9D-4D64-88DC-8CA449C1E308}.Release|x86.ActiveCfg = Release|Win32
		{EAC2ED4B-9D9D-4D64-88DC-8CA449C1E308}.Release|x86.Build.0 = Release|Win32
		{B4073B77-75D7-4445-8DFF-7754C6F4F380}.Debug|x64.ActiveCfg = Debug|x64
		{B4073B77-75D7-4445-8DFF-7754C6F4F380}.Debug|x64.Build.0 = Debug|x64
		{B4073B77-75D7-4445-8DFF-7754C6F4F380}.Debug|x86.ActiveCfg = Debug|Win32
		{B4073B77-75D7-4445-8DFF-7754C6F4F380}.Debug|x86.Build.0 = Debug|Win32
		{B4073B77-75D7-4445-8DFF-7754C6F4F380}.Release|x64.ActiveCfg = Release|x64
		{B4073B77-75D7-4445-8DFF-7754C6F4F380}.Release|x64.Build.0 = Release|x64
		{B4073B77-75D7-4445-8DFF-7754C6F4F380}.Release|x86.ActiveCfg = Release|Win32
		{B4073B77-75D7-4445-8DFF-7754C6F4F380}.Release|x86.Build.0 = Release|Win32
	EndGlobalSection
	GlobalSection(SolutionProperties) = preSolution
		HideSolutionNode = FALSE
	EndGlobalSection
	GlobalSection(ExtensibilityGlobals) = postSolution
		SolutionGuid = {CD2415C1-DC1C-4E42-B81B-C86D92CCA3B3}
	EndGlobalSection
EndGlobal
