
Microsoft Visual Studio Solution File, Format Version 12.00
# Visual Studio Version 17
VisualStudioVersion = 17.0.31903.59
MinimumVisualStudioVersion = 10.0.40219.1
Project("{8BC9CEB8-8B4A-11D0-8D11-00A0C91BC942}") = "OS13_HTCOM", "OS13_HTCOM\OS13_HTCOM.vcxproj", "{497E0BD9-FD64-46F1-A109-C3BB439E3FE3}"
EndProject
Project("{8BC9CEB8-8B4A-11D0-8D11-00A0C91BC942}") = "OS13_HTCOM_Debug", "OS13_HTCOM_Debug\OS13_HTCOM_Debug.vcxproj", "{139EA89D-49AC-4E36-B427-3286808142ED}"
EndProject
Project("{8BC9CEB8-8B4A-11D0-8D11-00A0C91BC942}") = "OS13_HTCOM_DEBUG_1", "OS13_HTCOM_DEBUG_1\OS13_HTCOM_DEBUG_1.vcxproj", "{28734C24-5EFE-4220-BEE0-3F2A4F873B81}"
EndProject
Project("{8BC9CEB8-8B4A-11D0-8D11-00A0C91BC942}") = "OS13_HTCOM_Static", "OS13_HTCOM_Static\OS13_HTCOM_Static.vcxproj", "{4FB1D0BC-0E01-4D10-9065-120CE2EB31C9}"
EndProject
Project("{8BC9CEB8-8B4A-11D0-8D11-00A0C91BC942}") = "OS13_Insert", "OS13_Insert\OS13_Insert.vcxproj", "{72303130-F6AC-4F6D-8F69-96B605C9E813}"
EndProject
Project("{8BC9CEB8-8B4A-11D0-8D11-00A0C91BC942}") = "OS13_Start", "OS13_Start\OS13_Start.vcxproj", "{EAFD0AD6-3491-4943-8EAD-1D1A5C3DBCF3}"
EndProject
Project("{8BC9CEB8-8B4A-11D0-8D11-00A0C91BC942}") = "OS13_Create", "OS13_Create\OS13_Create.vcxproj", "{A4176D45-F611-4E4E-B7EA-76E27073E043}"
EndProject
Project("{8BC9CEB8-8B4A-11D0-8D11-00A0C91BC942}") = "OS13_Update", "OS13_Update\OS13_Update.vcxproj", "{79ADB6DC-0ACE-494E-96D0-9C7170BE584F}"
EndProject
Project("{8BC9CEB8-8B4A-11D0-8D11-00A0C91BC942}") = "OS13_Delete", "OS13_Delete\OS13_Delete.vcxproj", "{DCC60526-87ED-4EB0-9CD8-BCACE2A08A51}"
EndProject
Project("{8BC9CEB8-8B4A-11D0-8D11-00A0C91BC942}") = "OS13_Stop", "OS13_Stop\OS13_Stop.vcxproj", "{6A99FE83-417F-4C52-AB1D-51B6F605727B}"
EndProject
Project("{8BC9CEB8-8B4A-11D0-8D11-00A0C91BC942}") = "OS15_HTCOM_Service", "OS15_HTCOM_Service\OS15_HTCOM_Service.vcxproj", "{D715B228-F3AE-46AC-8EF8-74ED904E8F9E}"
EndProject
Project("{8BC9CEB8-8B4A-11D0-8D11-00A0C91BC942}") = "OS15_HTCOM_ServiceInstall", "OS15_HTCOM_ServiceInstall\OS15_HTCOM_ServiceInstall.vcxproj", "{54422330-9A7B-4857-A156-8E04BD0175C3}"
EndProject
Project("{8BC9CEB8-8B4A-11D0-8D11-00A0C91BC942}") = "OS15_HTCOM_ServiceDelete", "OS15_HTCOM_ServiceDelete\OS15_HTCOM_ServiceDelete.vcxproj", "{1CDD29E7-A097-4E3A-A07A-C127BA92781B}"
EndProject
Project("{8BC9CEB8-8B4A-11D0-8D11-00A0C91BC942}") = "OS13_Read", "OS13_Read\OS13_Read.vcxproj", "{C3C08656-3CC8-4D3D-9107-2B2B8CDFED52}"
EndProject
Global
	GlobalSection(SolutionConfigurationPlatforms) = preSolution
		Debug|x64 = Debug|x64
		Debug|x86 = Debug|x86
		Release|x64 = Release|x64
		Release|x86 = Release|x86
	EndGlobalSection
	GlobalSection(ProjectConfigurationPlatforms) = postSolution
		{497E0BD9-FD64-46F1-A109-C3BB439E3FE3}.Debug|x64.ActiveCfg = Debug|x64
		{497E0BD9-FD64-46F1-A109-C3BB439E3FE3}.Debug|x64.Build.0 = Debug|x64
		{497E0BD9-FD64-46F1-A109-C3BB439E3FE3}.Debug|x86.ActiveCfg = Debug|Win32
		{497E0BD9-FD64-46F1-A109-C3BB439E3FE3}.Debug|x86.Build.0 = Debug|Win32
		{497E0BD9-FD64-46F1-A109-C3BB439E3FE3}.Release|x64.ActiveCfg = Release|x64
		{497E0BD9-FD64-46F1-A109-C3BB439E3FE3}.Release|x64.Build.0 = Release|x64
		{497E0BD9-FD64-46F1-A109-C3BB439E3FE3}.Release|x86.ActiveCfg = Release|Win32
		{497E0BD9-FD64-46F1-A109-C3BB439E3FE3}.Release|x86.Build.0 = Release|Win32
		{139EA89D-49AC-4E36-B427-3286808142ED}.Debug|x64.ActiveCfg = Debug|x64
		{139EA89D-49AC-4E36-B427-3286808142ED}.Debug|x64.Build.0 = Debug|x64
		{139EA89D-49AC-4E36-B427-3286808142ED}.Debug|x86.ActiveCfg = Debug|Win32
		{139EA89D-49AC-4E36-B427-3286808142ED}.Debug|x86.Build.0 = Debug|Win32
		{139EA89D-49AC-4E36-B427-3286808142ED}.Release|x64.ActiveCfg = Release|x64
		{139EA89D-49AC-4E36-B427-3286808142ED}.Release|x64.Build.0 = Release|x64
		{139EA89D-49AC-4E36-B427-3286808142ED}.Release|x86.ActiveCfg = Release|Win32
		{139EA89D-49AC-4E36-B427-3286808142ED}.Release|x86.Build.0 = Release|Win32
		{28734C24-5EFE-4220-BEE0-3F2A4F873B81}.Debug|x64.ActiveCfg = Debug|x64
		{28734C24-5EFE-4220-BEE0-3F2A4F873B81}.Debug|x64.Build.0 = Debug|x64
		{28734C24-5EFE-4220-BEE0-3F2A4F873B81}.Debug|x86.ActiveCfg = Debug|Win32
		{28734C24-5EFE-4220-BEE0-3F2A4F873B81}.Debug|x86.Build.0 = Debug|Win32
		{28734C24-5EFE-4220-BEE0-3F2A4F873B81}.Release|x64.ActiveCfg = Release|x64
		{28734C24-5EFE-4220-BEE0-3F2A4F873B81}.Release|x64.Build.0 = Release|x64
		{28734C24-5EFE-4220-BEE0-3F2A4F873B81}.Release|x86.ActiveCfg = Release|Win32
		{28734C24-5EFE-4220-BEE0-3F2A4F873B81}.Release|x86.Build.0 = Release|Win32
		{4FB1D0BC-0E01-4D10-9065-120CE2EB31C9}.Debug|x64.ActiveCfg = Debug|x64
		{4FB1D0BC-0E01-4D10-9065-120CE2EB31C9}.Debug|x64.Build.0 = Debug|x64
		{4FB1D0BC-0E01-4D10-9065-120CE2EB31C9}.Debug|x86.ActiveCfg = Debug|Win32
		{4FB1D0BC-0E01-4D10-9065-120CE2EB31C9}.Debug|x86.Build.0 = Debug|Win32
		{4FB1D0BC-0E01-4D10-9065-120CE2EB31C9}.Release|x64.ActiveCfg = Release|x64
		{4FB1D0BC-0E01-4D10-9065-120CE2EB31C9}.Release|x64.Build.0 = Release|x64
		{4FB1D0BC-0E01-4D10-9065-120CE2EB31C9}.Release|x86.ActiveCfg = Release|Win32
		{4FB1D0BC-0E01-4D10-9065-120CE2EB31C9}.Release|x86.Build.0 = Release|Win32
		{72303130-F6AC-4F6D-8F69-96B605C9E813}.Debug|x64.ActiveCfg = Debug|x64
		{72303130-F6AC-4F6D-8F69-96B605C9E813}.Debug|x64.Build.0 = Debug|x64
		{72303130-F6AC-4F6D-8F69-96B605C9E813}.Debug|x86.ActiveCfg = Debug|Win32
		{72303130-F6AC-4F6D-8F69-96B605C9E813}.Debug|x86.Build.0 = Debug|Win32
		{72303130-F6AC-4F6D-8F69-96B605C9E813}.Release|x64.ActiveCfg = Release|x64
		{72303130-F6AC-4F6D-8F69-96B605C9E813}.Release|x64.Build.0 = Release|x64
		{72303130-F6AC-4F6D-8F69-96B605C9E813}.Release|x86.ActiveCfg = Release|Win32
		{72303130-F6AC-4F6D-8F69-96B605C9E813}.Release|x86.Build.0 = Release|Win32
		{EAFD0AD6-3491-4943-8EAD-1D1A5C3DBCF3}.Debug|x64.ActiveCfg = Debug|x64
		{EAFD0AD6-3491-4943-8EAD-1D1A5C3DBCF3}.Debug|x64.Build.0 = Debug|x64
		{EAFD0AD6-3491-4943-8EAD-1D1A5C3DBCF3}.Debug|x86.ActiveCfg = Debug|Win32
		{EAFD0AD6-3491-4943-8EAD-1D1A5C3DBCF3}.Debug|x86.Build.0 = Debug|Win32
		{EAFD0AD6-3491-4943-8EAD-1D1A5C3DBCF3}.Release|x64.ActiveCfg = Release|x64
		{EAFD0AD6-3491-4943-8EAD-1D1A5C3DBCF3}.Release|x64.Build.0 = Release|x64
		{EAFD0AD6-3491-4943-8EAD-1D1A5C3DBCF3}.Release|x86.ActiveCfg = Release|Win32
		{EAFD0AD6-3491-4943-8EAD-1D1A5C3DBCF3}.Release|x86.Build.0 = Release|Win32
		{A4176D45-F611-4E4E-B7EA-76E27073E043}.Debug|x64.ActiveCfg = Debug|x64
		{A4176D45-F611-4E4E-B7EA-76E27073E043}.Debug|x64.Build.0 = Debug|x64
		{A4176D45-F611-4E4E-B7EA-76E27073E043}.Debug|x86.ActiveCfg = Debug|Win32
		{A4176D45-F611-4E4E-B7EA-76E27073E043}.Debug|x86.Build.0 = Debug|Win32
		{A4176D45-F611-4E4E-B7EA-76E27073E043}.Release|x64.ActiveCfg = Release|x64
		{A4176D45-F611-4E4E-B7EA-76E27073E043}.Release|x64.Build.0 = Release|x64
		{A4176D45-F611-4E4E-B7EA-76E27073E043}.Release|x86.ActiveCfg = Release|Win32
		{A4176D45-F611-4E4E-B7EA-76E27073E043}.Release|x86.Build.0 = Release|Win32
		{79ADB6DC-0ACE-494E-96D0-9C7170BE584F}.Debug|x64.ActiveCfg = Debug|x64
		{79ADB6DC-0ACE-494E-96D0-9C7170BE584F}.Debug|x64.Build.0 = Debug|x64
		{79ADB6DC-0ACE-494E-96D0-9C7170BE584F}.Debug|x86.ActiveCfg = Debug|Win32
		{79ADB6DC-0ACE-494E-96D0-9C7170BE584F}.Debug|x86.Build.0 = Debug|Win32
		{79ADB6DC-0ACE-494E-96D0-9C7170BE584F}.Release|x64.ActiveCfg = Release|x64
		{79ADB6DC-0ACE-494E-96D0-9C7170BE584F}.Release|x64.Build.0 = Release|x64
		{79ADB6DC-0ACE-494E-96D0-9C7170BE584F}.Release|x86.ActiveCfg = Release|Win32
		{79ADB6DC-0ACE-494E-96D0-9C7170BE584F}.Release|x86.Build.0 = Release|Win32
		{DCC60526-87ED-4EB0-9CD8-BCACE2A08A51}.Debug|x64.ActiveCfg = Debug|x64
		{DCC60526-87ED-4EB0-9CD8-BCACE2A08A51}.Debug|x64.Build.0 = Debug|x64
		{DCC60526-87ED-4EB0-9CD8-BCACE2A08A51}.Debug|x86.ActiveCfg = Debug|Win32
		{DCC60526-87ED-4EB0-9CD8-BCACE2A08A51}.Debug|x86.Build.0 = Debug|Win32
		{DCC60526-87ED-4EB0-9CD8-BCACE2A08A51}.Release|x64.ActiveCfg = Release|x64
		{DCC60526-87ED-4EB0-9CD8-BCACE2A08A51}.Release|x64.Build.0 = Release|x64
		{DCC60526-87ED-4EB0-9CD8-BCACE2A08A51}.Release|x86.ActiveCfg = Release|Win32
		{DCC60526-87ED-4EB0-9CD8-BCACE2A08A51}.Release|x86.Build.0 = Release|Win32
		{6A99FE83-417F-4C52-AB1D-51B6F605727B}.Debug|x64.ActiveCfg = Debug|x64
		{6A99FE83-417F-4C52-AB1D-51B6F605727B}.Debug|x64.Build.0 = Debug|x64
		{6A99FE83-417F-4C52-AB1D-51B6F605727B}.Debug|x86.ActiveCfg = Debug|Win32
		{6A99FE83-417F-4C52-AB1D-51B6F605727B}.Debug|x86.Build.0 = Debug|Win32
		{6A99FE83-417F-4C52-AB1D-51B6F605727B}.Release|x64.ActiveCfg = Release|x64
		{6A99FE83-417F-4C52-AB1D-51B6F605727B}.Release|x64.Build.0 = Release|x64
		{6A99FE83-417F-4C52-AB1D-51B6F605727B}.Release|x86.ActiveCfg = Release|Win32
		{6A99FE83-417F-4C52-AB1D-51B6F605727B}.Release|x86.Build.0 = Release|Win32
		{D715B228-F3AE-46AC-8EF8-74ED904E8F9E}.Debug|x64.ActiveCfg = Debug|x64
		{D715B228-F3AE-46AC-8EF8-74ED904E8F9E}.Debug|x64.Build.0 = Debug|x64
		{D715B228-F3AE-46AC-8EF8-74ED904E8F9E}.Debug|x86.ActiveCfg = Debug|Win32
		{D715B228-F3AE-46AC-8EF8-74ED904E8F9E}.Debug|x86.Build.0 = Debug|Win32
		{D715B228-F3AE-46AC-8EF8-74ED904E8F9E}.Release|x64.ActiveCfg = Release|x64
		{D715B228-F3AE-46AC-8EF8-74ED904E8F9E}.Release|x64.Build.0 = Release|x64
		{D715B228-F3AE-46AC-8EF8-74ED904E8F9E}.Release|x86.ActiveCfg = Release|Win32
		{D715B228-F3AE-46AC-8EF8-74ED904E8F9E}.Release|x86.Build.0 = Release|Win32
		{54422330-9A7B-4857-A156-8E04BD0175C3}.Debug|x64.ActiveCfg = Debug|x64
		{54422330-9A7B-4857-A156-8E04BD0175C3}.Debug|x64.Build.0 = Debug|x64
		{54422330-9A7B-4857-A156-8E04BD0175C3}.Debug|x86.ActiveCfg = Debug|Win32
		{54422330-9A7B-4857-A156-8E04BD0175C3}.Debug|x86.Build.0 = Debug|Win32
		{54422330-9A7B-4857-A156-8E04BD0175C3}.Release|x64.ActiveCfg = Release|x64
		{54422330-9A7B-4857-A156-8E04BD0175C3}.Release|x64.Build.0 = Release|x64
		{54422330-9A7B-4857-A156-8E04BD0175C3}.Release|x86.ActiveCfg = Release|Win32
		{54422330-9A7B-4857-A156-8E04BD0175C3}.Release|x86.Build.0 = Release|Win32
		{1CDD29E7-A097-4E3A-A07A-C127BA92781B}.Debug|x64.ActiveCfg = Debug|x64
		{1CDD29E7-A097-4E3A-A07A-C127BA92781B}.Debug|x64.Build.0 = Debug|x64
		{1CDD29E7-A097-4E3A-A07A-C127BA92781B}.Debug|x86.ActiveCfg = Debug|Win32
		{1CDD29E7-A097-4E3A-A07A-C127BA92781B}.Debug|x86.Build.0 = Debug|Win32
		{1CDD29E7-A097-4E3A-A07A-C127BA92781B}.Release|x64.ActiveCfg = Release|x64
		{1CDD29E7-A097-4E3A-A07A-C127BA92781B}.Release|x64.Build.0 = Release|x64
		{1CDD29E7-A097-4E3A-A07A-C127BA92781B}.Release|x86.ActiveCfg = Release|Win32
		{1CDD29E7-A097-4E3A-A07A-C127BA92781B}.Release|x86.Build.0 = Release|Win32
		{C3C08656-3CC8-4D3D-9107-2B2B8CDFED52}.Debug|x64.ActiveCfg = Debug|x64
		{C3C08656-3CC8-4D3D-9107-2B2B8CDFED52}.Debug|x64.Build.0 = Debug|x64
		{C3C08656-3CC8-4D3D-9107-2B2B8CDFED52}.Debug|x86.ActiveCfg = Debug|Win32
		{C3C08656-3CC8-4D3D-9107-2B2B8CDFED52}.Debug|x86.Build.0 = Debug|Win32
		{C3C08656-3CC8-4D3D-9107-2B2B8CDFED52}.Release|x64.ActiveCfg = Release|x64
		{C3C08656-3CC8-4D3D-9107-2B2B8CDFED52}.Release|x64.Build.0 = Release|x64
		{C3C08656-3CC8-4D3D-9107-2B2B8CDFED52}.Release|x86.ActiveCfg = Release|Win32
		{C3C08656-3CC8-4D3D-9107-2B2B8CDFED52}.Release|x86.Build.0 = Release|Win32
	EndGlobalSection
	GlobalSection(SolutionProperties) = preSolution
		HideSolutionNode = FALSE
	EndGlobalSection
	GlobalSection(ExtensibilityGlobals) = postSolution
		SolutionGuid = {96892BDC-C151-4C87-B855-DA274B48934F}
	EndGlobalSection
EndGlobal
