
Microsoft Visual Studio Solution File, Format Version 12.00
Project("{FAE04EC0-301F-11D3-BF4B-00C04F79EFBC}") = "Lab08", "Lab08.csproj", "{FFAD5738-5817-4F91-B175-CF3F1878759C}"
EndProject
Global
	GlobalSection(SolutionConfigurationPlatforms) = preSolution
		Debug|Any CPU = Debug|Any CPU
		Release|Any CPU = Release|Any CPU
	EndGlobalSection
	GlobalSection(ProjectConfigurationPlatforms) = postSolution
		{FFAD5738-5817-4F91-B175-CF3F1878759C}.Debug|Any CPU.ActiveCfg = Debug|Any CPU
		{FFAD5738-5817-4F91-B175-CF3F1878759C}.Debug|Any CPU.Build.0 = Debug|Any CPU
		{FFAD5738-5817-4F91-B175-CF3F1878759C}.Release|Any CPU.ActiveCfg = Release|Any CPU
		{FFAD5738-5817-4F91-B175-CF3F1878759C}.Release|Any CPU.Build.0 = Release|Any CPU
	EndGlobalSection
EndGlobal
