{
  "name": "lab06",
  "version": "1.0.0",
  "lockfileVersion": 2,
  "requires": true,
  "packages": {
    "": {
      "name": "lab06",
      "version": "1.0.0",
      "license": "ISC",
      "dependencies": {
        "m0603_harwex": "^1.0.1"
      }
    },
    "node_modules/m0603_harwex": {
      "version": "1.0.1",
      "resolved": "https://registry.npmjs.org/m0603_harwex/-/m0603_harwex-1.0.1.tgz",
      "integrity": "sha512-YdIW5V+MOsFSjdz3LUY7fT91KO7mL4yADdiilDoXhu7wT2ClJZiprMnJcx2r4vG3Pco5MnYjtj41JZKxj3b4Rg==",
      "dependencies": {
        "nodemailer": "^6.6.3"
      }
    },
    "node_modules/nodemailer": {
      "version": "6.6.3",
      "resolved": "https://registry.npmjs.org/nodemailer/-/nodemailer-6.6.3.tgz",
      "integrity": "sha512-faZFufgTMrphYoDjvyVpbpJcYzwyFnbAMmQtj1lVBYAUSm3SOy2fIdd9+Mr4UxPosBa0JRw9bJoIwQn+nswiew==",
      "engines": {
        "node": ">=6.0.0"
      }
    }
  },
  "dependencies": {
    "m0603_harwex": {
      "version": "1.0.1",
      "resolved": "https://registry.npmjs.org/m0603_harwex/-/m0603_harwex-1.0.1.tgz",
      "integrity": "sha512-YdIW5V+MOsFSjdz3LUY7fT91KO7mL4yADdiilDoXhu7wT2ClJZiprMnJcx2r4vG3Pco5MnYjtj41JZKxj3b4Rg==",
      "requires": {
        "nodemailer": "^6.6.3"
      }
    },
    "nodemailer": {
      "version": "6.6.3",
      "resolved": "https://registry.npmjs.org/nodemailer/-/nodemailer-6.6.3.tgz",
      "integrity": "sha512-faZFufgTMrphYoDjvyVpbpJcYzwyFnbAMmQtj1lVBYAUSm3SOy2fIdd9+Mr4UxPosBa0JRw9bJoIwQn+nswiew=="
    }
  }
}
